
Microsoft Visual Studio Solution File, Format Version 12.00
# Visual Studio Version 17
VisualStudioVersion = 17.10.34928.147
MinimumVisualStudioVersion = 10.0.40219.1
Project("{FAE04EC0-301F-11D3-BF4B-00C04F79EFBC}") = "basicWeb", "basicWeb.csproj", "{A920C30D-9EAC-4272-ADB4-D06D09FE8FF5}"
EndProject
Global
	GlobalSection(SolutionConfigurationPlatforms) = preSolution
		Debug|Any CPU = Debug|Any CPU
		Release|Any CPU = Release|Any CPU
	EndGlobalSection
	GlobalSection(ProjectConfigurationPlatforms) = postSolution
		{A920C30D-9EAC-4272-ADB4-D06D09FE8FF5}.Debug|Any CPU.ActiveCfg = Debug|Any CPU
		{A920C30D-9EAC-4272-ADB4-D06D09FE8FF5}.Debug|Any CPU.Build.0 = Debug|Any CPU
		{A920C30D-9EAC-4272-ADB4-D06D09FE8FF5}.Release|Any CPU.ActiveCfg = Release|Any CPU
		{A920C30D-9EAC-4272-ADB4-D06D09FE8FF5}.Release|Any CPU.Build.0 = Release|Any CPU
	EndGlobalSection
	GlobalSection(SolutionProperties) = preSolution
		HideSolutionNode = FALSE
	EndGlobalSection
	GlobalSection(ExtensibilityGlobals) = postSolution
		SolutionGuid = {03437253-DC84-477D-8051-93B496F1A5DB}
	EndGlobalSection
EndGlobal
